
Microsoft Visual Studio Solution File, Format Version 10.00
# Visual Studio 2008
Project("{8BC9CEB8-8B4A-11D0-8D11-00A0C91BC942}") = "kjs_sync", "kjs_sync\kjs_sync.vcproj", "{BD7917D2-4DB4-441A-8698-A468F90E6699}"
EndProject
Global
	GlobalSection(SolutionConfigurationPlatforms) = preSolution
		Debug|Win32 = Debug|Win32
		Release|Win32 = Release|Win32
	EndGlobalSection
	GlobalSection(ProjectConfigurationPlatforms) = postSolution
		{BD7917D2-4DB4-441A-8698-A468F90E6699}.Debug|Win32.ActiveCfg = Debug|Win32
		{BD7917D2-4DB4-441A-8698-A468F90E6699}.Debug|Win32.Build.0 = Debug|Win32
		{BD7917D2-4DB4-441A-8698-A468F90E6699}.Release|Win32.ActiveCfg = Release|Win32
		{BD7917D2-4DB4-441A-8698-A468F90E6699}.Release|Win32.Build.0 = Release|Win32
	EndGlobalSection
	GlobalSection(SolutionProperties) = preSolution
		HideSolutionNode = FALSE
	EndGlobalSection
EndGlobal
